
Microsoft Visual Studio Solution File, Format Version 12.00
# Visual Studio Version 16
VisualStudioVersion = 16.0.30621.155
MinimumVisualStudioVersion = 10.0.40219.1
Project("{FAE04EC0-301F-11D3-BF4B-00C04F79EFBC}") = "prgUnicode", "prgUnicode\prgUnicode.csproj", "{7747B2B0-75CB-4511-A6D6-E5F0B4341CD3}"
EndProject
Global
	GlobalSection(SolutionConfigurationPlatforms) = preSolution
		Debug|Any CPU = Debug|Any CPU
		Release|Any CPU = Release|Any CPU
	EndGlobalSection
	GlobalSection(ProjectConfigurationPlatforms) = postSolution
		{7747B2B0-75CB-4511-A6D6-E5F0B4341CD3}.Debug|Any CPU.ActiveCfg = Debug|Any CPU
		{7747B2B0-75CB-4511-A6D6-E5F0B4341CD3}.Debug|Any CPU.Build.0 = Debug|Any CPU
		{7747B2B0-75CB-4511-A6D6-E5F0B4341CD3}.Release|Any CPU.ActiveCfg = Release|Any CPU
		{7747B2B0-75CB-4511-A6D6-E5F0B4341CD3}.Release|Any CPU.Build.0 = Release|Any CPU
	EndGlobalSection
	GlobalSection(SolutionProperties) = preSolution
		HideSolutionNode = FALSE
	EndGlobalSection
	GlobalSection(ExtensibilityGlobals) = postSolution
		SolutionGuid = {B2B54CDD-0DF0-4E59-8A9D-ADB7E62911B1}
	EndGlobalSection
EndGlobal
